{
  "name": "homepage_framework",
  "version": "1.0.0",
  "lockfileVersion": 3,
  "requires": true,
  "packages": {
    "": {
      "name": "homepage_framework",
      "version": "1.0.0",
      "license": "ISC",
      "dependencies": {
        "pdf-parse": "^2.4.5",
        "pdfjs-dist": "^5.4.624"
      }
    },
    "node_modules/@napi-rs/canvas": {
      "version": "0.1.80",
      "resolved": "https://registry.npmjs.org/@napi-rs/canvas/-/canvas-0.1.80.tgz",
      "integrity": "sha512-DxuT1ClnIPts1kQx8FBmkk4BQDTfI5kIzywAaMjQSXfNnra5UFU9PwurXrl+Je3bJ6BGsp/zmshVVFbCmyI+ww==",
      "license": "MIT",
      "workspaces": [
        "e2e/*"
      ],
      "engines": {
        "node": ">= 10"
      },
      "optionalDependencies": {
        "@napi-rs/canvas-android-arm64": "0.1.80",
        "@napi-rs/canvas-darwin-arm64": "0.1.80",
        "@napi-rs/canvas-darwin-x64": "0.1.80",
        "@napi-rs/canvas-linux-arm-gnueabihf": "0.1.80",
        "@napi-rs/canvas-linux-arm64-gnu": "0.1.80",
        "@napi-rs/canvas-linux-arm64-musl": "0.1.80",
        "@napi-rs/canvas-linux-riscv64-gnu": "0.1.80",
        "@napi-rs/canvas-linux-x64-gnu": "0.1.80",
        "@napi-rs/canvas-linux-x64-musl": "0.1.80",
        "@napi-rs/canvas-win32-x64-msvc": "0.1.80"
      }
    },
    "node_modules/@napi-rs/canvas-android-arm64": {
      "version": "0.1.80",
      "resolved": "https://registry.npmjs.org/@napi-rs/canvas-android-arm64/-/canvas-android-arm64-0.1.80.tgz",
      "integrity": "sha512-sk7xhN/MoXeuExlggf91pNziBxLPVUqF2CAVnB57KLG/pz7+U5TKG8eXdc3pm0d7Od0WreB6ZKLj37sX9muGOQ==",
      "cpu": [
        "arm64"
      ],
      "license": "MIT",
      "optional": true,
      "os": [
        "android"
      ],
      "engines": {
        "node": ">= 10"
      }
    },
    "node_modules/@napi-rs/canvas-darwin-arm64": {
      "version": "0.1.80",
      "resolved": "https://registry.npmjs.org/@napi-rs/canvas-darwin-arm64/-/canvas-darwin-arm64-0.1.80.tgz",
      "integrity": "sha512-O64APRTXRUiAz0P8gErkfEr3lipLJgM6pjATwavZ22ebhjYl/SUbpgM0xcWPQBNMP1n29afAC/Us5PX1vg+JNQ==",
      "cpu": [
        "arm64"
      ],
      "license": "MIT",
      "optional": true,
      "os": [
        "darwin"
      ],
      "engines": {
        "node": ">= 10"
      }
    },
    "node_modules/@napi-rs/canvas-darwin-x64": {
      "version": "0.1.80",
      "resolved": "https://registry.npmjs.org/@napi-rs/canvas-darwin-x64/-/canvas-darwin-x64-0.1.80.tgz",
      "integrity": "sha512-FqqSU7qFce0Cp3pwnTjVkKjjOtxMqRe6lmINxpIZYaZNnVI0H5FtsaraZJ36SiTHNjZlUB69/HhxNDT1Aaa9vA==",
      "cpu": [
        "x64"
      ],
      "license": "MIT",
      "optional": true,
      "os": [
        "darwin"
      ],
      "engines": {
        "node": ">= 10"
      }
    },
    "node_modules/@napi-rs/canvas-linux-arm-gnueabihf": {
      "version": "0.1.80",
      "resolved": "https://registry.npmjs.org/@napi-rs/canvas-linux-arm-gnueabihf/-/canvas-linux-arm-gnueabihf-0.1.80.tgz",
      "integrity": "sha512-eyWz0ddBDQc7/JbAtY4OtZ5SpK8tR4JsCYEZjCE3dI8pqoWUC8oMwYSBGCYfsx2w47cQgQCgMVRVTFiiO38hHQ==",
      "cpu": [
        "arm"
      ],
      "license": "MIT",
      "optional": true,
      "os": [
        "linux"
      ],
      "engines": {
        "node": ">= 10"
      }
    },
    "node_modules/@napi-rs/canvas-linux-arm64-gnu": {
      "version": "0.1.80",
      "resolved": "https://registry.npmjs.org/@napi-rs/canvas-linux-arm64-gnu/-/canvas-linux-arm64-gnu-0.1.80.tgz",
      "integrity": "sha512-qwA63t8A86bnxhuA/GwOkK3jvb+XTQaTiVML0vAWoHyoZYTjNs7BzoOONDgTnNtr8/yHrq64XXzUoLqDzU+Uuw==",
      "cpu": [
        "arm64"
      ],
      "license": "MIT",
      "optional": true,
      "os": [
        "linux"
      ],
      "engines": {
        "node": ">= 10"
      }
    },
    "node_modules/@napi-rs/canvas-linux-arm64-musl": {
      "version": "0.1.80",
      "resolved": "https://registry.npmjs.org/@napi-rs/canvas-linux-arm64-musl/-/canvas-linux-arm64-musl-0.1.80.tgz",
      "integrity": "sha512-1XbCOz/ymhj24lFaIXtWnwv/6eFHXDrjP0jYkc6iHQ9q8oXKzUX1Lc6bu+wuGiLhGh2GS/2JlfORC5ZcXimRcg==",
      "cpu": [
        "arm64"
      ],
      "license": "MIT",
      "optional": true,
      "os": [
        "linux"
      ],
      "engines": {
        "node": ">= 10"
      }
    },
    "node_modules/@napi-rs/canvas-linux-riscv64-gnu": {
      "version": "0.1.80",
      "resolved": "https://registry.npmjs.org/@napi-rs/canvas-linux-riscv64-gnu/-/canvas-linux-riscv64-gnu-0.1.80.tgz",
      "integrity": "sha512-XTzR125w5ZMs0lJcxRlS1K3P5RaZ9RmUsPtd1uGt+EfDyYMu4c6SEROYsxyatbbu/2+lPe7MPHOO/0a0x7L/gw==",
      "cpu": [
        "riscv64"
      ],
      "license": "MIT",
      "optional": true,
      "os": [
        "linux"
      ],
      "engines": {
        "node": ">= 10"
      }
    },
    "node_modules/@napi-rs/canvas-linux-x64-gnu": {
      "version": "0.1.80",
      "resolved": "https://registry.npmjs.org/@napi-rs/canvas-linux-x64-gnu/-/canvas-linux-x64-gnu-0.1.80.tgz",
      "integrity": "sha512-BeXAmhKg1kX3UCrJsYbdQd3hIMDH/K6HnP/pG2LuITaXhXBiNdh//TVVVVCBbJzVQaV5gK/4ZOCMrQW9mvuTqA==",
      "cpu": [
        "x64"
      ],
      "license": "MIT",
      "optional": true,
      "os": [
        "linux"
      ],
      "engines": {
        "node": ">= 10"
      }
    },
    "node_modules/@napi-rs/canvas-linux-x64-musl": {
      "version": "0.1.80",
      "resolved": "https://registry.npmjs.org/@napi-rs/canvas-linux-x64-musl/-/canvas-linux-x64-musl-0.1.80.tgz",
      "integrity": "sha512-x0XvZWdHbkgdgucJsRxprX/4o4sEed7qo9rCQA9ugiS9qE2QvP0RIiEugtZhfLH3cyI+jIRFJHV4Fuz+1BHHMg==",
      "cpu": [
        "x64"
      ],
      "license": "MIT",
      "optional": true,
      "os": [
        "linux"
      ],
      "engines": {
        "node": ">= 10"
      }
    },
    "node_modules/@napi-rs/canvas-win32-arm64-msvc": {
      "version": "0.1.93",
      "resolved": "https://registry.npmjs.org/@napi-rs/canvas-win32-arm64-msvc/-/canvas-win32-arm64-msvc-0.1.93.tgz",
      "integrity": "sha512-um5XE44vF8bjkQEsH2iRSUP9fDeQGYbn/qjM/v4whXG83qsqapAXlOPOQqSARZB1SiNvPUAuXoRsJLlKFmAEFw==",
      "cpu": [
        "arm64"
      ],
      "license": "MIT",
      "optional": true,
      "os": [
        "win32"
      ],
      "engines": {
        "node": ">= 10"
      },
      "funding": {
        "type": "github",
        "url": "https://github.com/sponsors/Brooooooklyn"
      }
    },
    "node_modules/@napi-rs/canvas-win32-x64-msvc": {
      "version": "0.1.80",
      "resolved": "https://registry.npmjs.org/@napi-rs/canvas-win32-x64-msvc/-/canvas-win32-x64-msvc-0.1.80.tgz",
      "integrity": "sha512-Z8jPsM6df5V8B1HrCHB05+bDiCxjE9QA//3YrkKIdVDEwn5RKaqOxCJDRJkl48cJbylcrJbW4HxZbTte8juuPg==",
      "cpu": [
        "x64"
      ],
      "license": "MIT",
      "optional": true,
      "os": [
        "win32"
      ],
      "engines": {
        "node": ">= 10"
      }
    },
    "node_modules/node-readable-to-web-readable-stream": {
      "version": "0.4.2",
      "resolved": "https://registry.npmjs.org/node-readable-to-web-readable-stream/-/node-readable-to-web-readable-stream-0.4.2.tgz",
      "integrity": "sha512-/cMZNI34v//jUTrI+UIo4ieHAB5EZRY/+7OmXZgBxaWBMcW2tGdceIw06RFxWxrKZ5Jp3sI2i5TsRo+CBhtVLQ==",
      "license": "MIT",
      "optional": true
    },
    "node_modules/pdf-parse": {
      "version": "2.4.5",
      "resolved": "https://registry.npmjs.org/pdf-parse/-/pdf-parse-2.4.5.tgz",
      "integrity": "sha512-mHU89HGh7v+4u2ubfnevJ03lmPgQ5WU4CxAVmTSh/sxVTEDYd1er/dKS/A6vg77NX47KTEoihq8jZBLr8Cxuwg==",
      "license": "Apache-2.0",
      "dependencies": {
        "@napi-rs/canvas": "0.1.80",
        "pdfjs-dist": "5.4.296"
      },
      "bin": {
        "pdf-parse": "bin/cli.mjs"
      },
      "engines": {
        "node": ">=20.16.0 <21 || >=22.3.0"
      },
      "funding": {
        "type": "github",
        "url": "https://github.com/sponsors/mehmet-kozan"
      }
    },
    "node_modules/pdf-parse/node_modules/pdfjs-dist": {
      "version": "5.4.296",
      "resolved": "https://registry.npmjs.org/pdfjs-dist/-/pdfjs-dist-5.4.296.tgz",
      "integrity": "sha512-DlOzet0HO7OEnmUmB6wWGJrrdvbyJKftI1bhMitK7O2N8W2gc757yyYBbINy9IDafXAV9wmKr9t7xsTaNKRG5Q==",
      "license": "Apache-2.0",
      "engines": {
        "node": ">=20.16.0 || >=22.3.0"
      },
      "optionalDependencies": {
        "@napi-rs/canvas": "^0.1.80"
      }
    },
    "node_modules/pdfjs-dist": {
      "version": "5.4.624",
      "resolved": "https://registry.npmjs.org/pdfjs-dist/-/pdfjs-dist-5.4.624.tgz",
      "integrity": "sha512-sm6TxKTtWv1Oh6n3C6J6a8odejb5uO4A4zo/2dgkHuC0iu8ZMAXOezEODkVaoVp8nX1Xzr+0WxFJJmUr45hQzg==",
      "license": "Apache-2.0",
      "engines": {
        "node": ">=20.16.0 || >=22.3.0"
      },
      "optionalDependencies": {
        "@napi-rs/canvas": "^0.1.88",
        "node-readable-to-web-readable-stream": "^0.4.2"
      }
    },
    "node_modules/pdfjs-dist/node_modules/@napi-rs/canvas": {
      "version": "0.1.93",
      "resolved": "https://registry.npmjs.org/@napi-rs/canvas/-/canvas-0.1.93.tgz",
      "integrity": "sha512-unVFo8CUlUeJCCxt50+j4yy91NF4x6n9zdGcvEsOFAWzowtZm3mgx8X2D7xjwV0cFSfxmpGPoe+JS77uzeFsxg==",
      "license": "MIT",
      "optional": true,
      "workspaces": [
        "e2e/*"
      ],
      "engines": {
        "node": ">= 10"
      },
      "funding": {
        "type": "github",
        "url": "https://github.com/sponsors/Brooooooklyn"
      },
      "optionalDependencies": {
        "@napi-rs/canvas-android-arm64": "0.1.93",
        "@napi-rs/canvas-darwin-arm64": "0.1.93",
        "@napi-rs/canvas-darwin-x64": "0.1.93",
        "@napi-rs/canvas-linux-arm-gnueabihf": "0.1.93",
        "@napi-rs/canvas-linux-arm64-gnu": "0.1.93",
        "@napi-rs/canvas-linux-arm64-musl": "0.1.93",
        "@napi-rs/canvas-linux-riscv64-gnu": "0.1.93",
        "@napi-rs/canvas-linux-x64-gnu": "0.1.93",
        "@napi-rs/canvas-linux-x64-musl": "0.1.93",
        "@napi-rs/canvas-win32-arm64-msvc": "0.1.93",
        "@napi-rs/canvas-win32-x64-msvc": "0.1.93"
      }
    },
    "node_modules/pdfjs-dist/node_modules/@napi-rs/canvas-android-arm64": {
      "version": "0.1.93",
      "resolved": "https://registry.npmjs.org/@napi-rs/canvas-android-arm64/-/canvas-android-arm64-0.1.93.tgz",
      "integrity": "sha512-xRIoOPFvneR29Dtq5d9p2AJbijDCFeV4jQ+5Ms/xVAXJVb8R0Jlu+pPr/SkhrG+Mouaml4roPSXugTIeRl6CMA==",
      "cpu": [
        "arm64"
      ],
      "license": "MIT",
      "optional": true,
      "os": [
        "android"
      ],
      "engines": {
        "node": ">= 10"
      },
      "funding": {
        "type": "github",
        "url": "https://github.com/sponsors/Brooooooklyn"
      }
    },
    "node_modules/pdfjs-dist/node_modules/@napi-rs/canvas-darwin-arm64": {
      "version": "0.1.93",
      "resolved": "https://registry.npmjs.org/@napi-rs/canvas-darwin-arm64/-/canvas-darwin-arm64-0.1.93.tgz",
      "integrity": "sha512-daNDi76HN5grC6GXDmpxdfP+N2mQPd3sCfg62VyHwUuvbZh32P7R/IUjkzAxtYMtTza+Zvx9hfLJ3J7ENL6WMA==",
      "cpu": [
        "arm64"
      ],
      "license": "MIT",
      "optional": true,
      "os": [
        "darwin"
      ],
      "engines": {
        "node": ">= 10"
      },
      "funding": {
        "type": "github",
        "url": "https://github.com/sponsors/Brooooooklyn"
      }
    },
    "node_modules/pdfjs-dist/node_modules/@napi-rs/canvas-darwin-x64": {
      "version": "0.1.93",
      "resolved": "https://registry.npmjs.org/@napi-rs/canvas-darwin-x64/-/canvas-darwin-x64-0.1.93.tgz",
      "integrity": "sha512-1YfuNPIQLawsg/gSNdJRk4kQWUy9M/Gy8FGsOI79nhQEJ2PZdqpSPl5UNzf4elfuNXuVbEbmmjP68EQdUunDuQ==",
      "cpu": [
        "x64"
      ],
      "license": "MIT",
      "optional": true,
      "os": [
        "darwin"
      ],
      "engines": {
        "node": ">= 10"
      },
      "funding": {
        "type": "github",
        "url": "https://github.com/sponsors/Brooooooklyn"
      }
    },
    "node_modules/pdfjs-dist/node_modules/@napi-rs/canvas-linux-arm-gnueabihf": {
      "version": "0.1.93",
      "resolved": "https://registry.npmjs.org/@napi-rs/canvas-linux-arm-gnueabihf/-/canvas-linux-arm-gnueabihf-0.1.93.tgz",
      "integrity": "sha512-8kEkOQPZjuyHjupvXExuJZiuiVNecdABGq3DLI7aO1EvQFOOlWMm2d/8Q5qXdV73Tn+nu3m16+kPajsN1oJefQ==",
      "cpu": [
        "arm"
      ],
      "license": "MIT",
      "optional": true,
      "os": [
        "linux"
      ],
      "engines": {
        "node": ">= 10"
      },
      "funding": {
        "type": "github",
        "url": "https://github.com/sponsors/Brooooooklyn"
      }
    },
    "node_modules/pdfjs-dist/node_modules/@napi-rs/canvas-linux-arm64-gnu": {
      "version": "0.1.93",
      "resolved": "https://registry.npmjs.org/@napi-rs/canvas-linux-arm64-gnu/-/canvas-linux-arm64-gnu-0.1.93.tgz",
      "integrity": "sha512-qIKLKkBkYSyWSYAoDThoxf5y1gr4X0g7W8rDU7d2HDeAAcotdVHUwuKkMeNe6+5VNk7/95EIhbslQjSxiCu32g==",
      "cpu": [
        "arm64"
      ],
      "license": "MIT",
      "optional": true,
      "os": [
        "linux"
      ],
      "engines": {
        "node": ">= 10"
      },
      "funding": {
        "type": "github",
        "url": "https://github.com/sponsors/Brooooooklyn"
      }
    },
    "node_modules/pdfjs-dist/node_modules/@napi-rs/canvas-linux-arm64-musl": {
      "version": "0.1.93",
      "resolved": "https://registry.npmjs.org/@napi-rs/canvas-linux-arm64-musl/-/canvas-linux-arm64-musl-0.1.93.tgz",
      "integrity": "sha512-mAwQBGM3qArS9XEO21AK4E1uGvCuUCXjhIZk0dlVvs49MQ6wAAuCkYKNFpSKeSicKrLWwBMfgWX4qZoPh+M00A==",
      "cpu": [
        "arm64"
      ],
      "license": "MIT",
      "optional": true,
      "os": [
        "linux"
      ],
      "engines": {
        "node": ">= 10"
      },
      "funding": {
        "type": "github",
        "url": "https://github.com/sponsors/Brooooooklyn"
      }
    },
    "node_modules/pdfjs-dist/node_modules/@napi-rs/canvas-linux-riscv64-gnu": {
      "version": "0.1.93",
      "resolved": "https://registry.npmjs.org/@napi-rs/canvas-linux-riscv64-gnu/-/canvas-linux-riscv64-gnu-0.1.93.tgz",
      "integrity": "sha512-kaIH5MpPzOZfkM+QMsBxGdM9jlJT+N+fwz2IEaju/S+DL65E5TgPOx4QcD5dQ8vsMxlak6uDrudBc4ns5xzZCw==",
      "cpu": [
        "riscv64"
      ],
      "license": "MIT",
      "optional": true,
      "os": [
        "linux"
      ],
      "engines": {
        "node": ">= 10"
      },
      "funding": {
        "type": "github",
        "url": "https://github.com/sponsors/Brooooooklyn"
      }
    },
    "node_modules/pdfjs-dist/node_modules/@napi-rs/canvas-linux-x64-gnu": {
      "version": "0.1.93",
      "resolved": "https://registry.npmjs.org/@napi-rs/canvas-linux-x64-gnu/-/canvas-linux-x64-gnu-0.1.93.tgz",
      "integrity": "sha512-KtMZJqYWvOSeW5w3VSV2f5iGnwNdKJm4gwgVid4xNy1NFi+NJSyuglA1lX1u4wIPxizyxh8OW5c5Usf6oSOMNQ==",
      "cpu": [
        "x64"
      ],
      "license": "MIT",
      "optional": true,
      "os": [
        "linux"
      ],
      "engines": {
        "node": ">= 10"
      },
      "funding": {
        "type": "github",
        "url": "https://github.com/sponsors/Brooooooklyn"
      }
    },
    "node_modules/pdfjs-dist/node_modules/@napi-rs/canvas-linux-x64-musl": {
      "version": "0.1.93",
      "resolved": "https://registry.npmjs.org/@napi-rs/canvas-linux-x64-musl/-/canvas-linux-x64-musl-0.1.93.tgz",
      "integrity": "sha512-qRZhOvlDBooRLX6V3/t9X9B+plZK+OrPLgfFixu0A1RO/3VHbubOknfnMnocSDAqk/L6cRyKI83VP2ciR9UO7w==",
      "cpu": [
        "x64"
      ],
      "license": "MIT",
      "optional": true,
      "os": [
        "linux"
      ],
      "engines": {
        "node": ">= 10"
      },
      "funding": {
        "type": "github",
        "url": "https://github.com/sponsors/Brooooooklyn"
      }
    },
    "node_modules/pdfjs-dist/node_modules/@napi-rs/canvas-win32-x64-msvc": {
      "version": "0.1.93",
      "resolved": "https://registry.npmjs.org/@napi-rs/canvas-win32-x64-msvc/-/canvas-win32-x64-msvc-0.1.93.tgz",
      "integrity": "sha512-maHlizZgmKsAPJwjwBZMnsWfq3Ca9QutoteQwKe7YqsmbECoylrLCCOGCDOredstW4BRWqRTfCl6NJaVVeAQvQ==",
      "cpu": [
        "x64"
      ],
      "license": "MIT",
      "optional": true,
      "os": [
        "win32"
      ],
      "engines": {
        "node": ">= 10"
      },
      "funding": {
        "type": "github",
        "url": "https://github.com/sponsors/Brooooooklyn"
      }
    }
  }
}
